
Microsoft Visual Studio Solution File, Format Version 10.00
# Visual Studio 2008
Project("{D183A3D8-5FD8-494B-B014-37F57B35E655}") = "ETLPedidos", "ETLPedidos\ETLPedidos.dtproj", "{CB2DF6AE-F3C7-435F-A498-5EA9972F9D2F}"
EndProject
Global
	GlobalSection(SolutionConfigurationPlatforms) = preSolution
		Development|Default = Development|Default
	EndGlobalSection
	GlobalSection(ProjectConfigurationPlatforms) = postSolution
		{CB2DF6AE-F3C7-435F-A498-5EA9972F9D2F}.Development|Default.ActiveCfg = Development
		{CB2DF6AE-F3C7-435F-A498-5EA9972F9D2F}.Development|Default.Build.0 = Development
	EndGlobalSection
	GlobalSection(SolutionProperties) = preSolution
		HideSolutionNode = FALSE
	EndGlobalSection
EndGlobal
